
Microsoft Visual Studio Solution File, Format Version 12.00
# Visual Studio 2012
Project("{FAE04EC0-301F-11D3-BF4B-00C04F79EFBC}") = "OberverPattern", "OberverPattern\OberverPattern.csproj", "{AA6E8AEE-20BF-4EEB-8DFB-8C4C54332671}"
EndProject
Global
	GlobalSection(SolutionConfigurationPlatforms) = preSolution
		Debug|Any CPU = Debug|Any CPU
		Release|Any CPU = Release|Any CPU
	EndGlobalSection
	GlobalSection(ProjectConfigurationPlatforms) = postSolution
		{AA6E8AEE-20BF-4EEB-8DFB-8C4C54332671}.Debug|Any CPU.ActiveCfg = Debug|Any CPU
		{AA6E8AEE-20BF-4EEB-8DFB-8C4C54332671}.Debug|Any CPU.Build.0 = Debug|Any CPU
		{AA6E8AEE-20BF-4EEB-8DFB-8C4C54332671}.Release|Any CPU.ActiveCfg = Release|Any CPU
		{AA6E8AEE-20BF-4EEB-8DFB-8C4C54332671}.Release|Any CPU.Build.0 = Release|Any CPU
	EndGlobalSection
EndGlobal
